// !$*UTF8*$!
{
	archiveVersion = 1;
	classes = {
	};
	objectVersion = 46;
	objects = {

/* Begin PBXBuildFile section */
		825B10E11E449723001879B7 /* main.m in Sources */ = {isa = PBXBuildFile; fileRef = 825B10E01E449723001879B7 /* main.m */; };
		825B10E41E449723001879B7 /* AppDelegate.m in Sources */ = {isa = PBXBuildFile; fileRef = 825B10E31E449723001879B7 /* AppDelegate.m */; };
		825B10E71E449723001879B7 /* ViewController.m in Sources */ = {isa = PBXBuildFile; fileRef = 825B10E61E449723001879B7 /* ViewController.m */; };
		825B10EA1E449723001879B7 /* Main.storyboard in Resources */ = {isa = PBXBuildFile; fileRef = 825B10E81E449723001879B7 /* Main.storyboard */; };
		825B10EC1E449723001879B7 /* Assets.xcassets in Resources */ = {isa = PBXBuildFile; fileRef = 825B10EB1E449723001879B7 /* Assets.xcassets */; };
		825B10EF1E449723001879B7 /* LaunchScreen.storyboard in Resources */ = {isa = PBXBuildFile; fileRef = 825B10ED1E449723001879B7 /* LaunchScreen.storyboard */; };
		C827C10EE5828EC12F365748 /* libPods-ContactsList.a in Frameworks */ = {isa = PBXBuildFile; fileRef = 24B234299A7772F44BA27D1C /* libPods-ContactsList.a */; };
/* End PBXBuildFile section */

/* Begin PBXFileReference section */
		24B234299A7772F44BA27D1C /* libPods-ContactsList.a */ = {isa = PBXFileReference; explicitFileType = archive.ar; includeInIndex = 0; path = "libPods-ContactsList.a"; sourceTree = BUILT_PRODUCTS_DIR; };
		825B10DC1E449723001879B7 /* ContactsList.app */ = {isa = PBXFileReference; explicitFileType = wrapper.application; includeInIndex = 0; path = ContactsList.app; sourceTree = BUILT_PRODUCTS_DIR; };
		825B10E01E449723001879B7 /* main.m */ = {isa = PBXFileReference; lastKnownFileType = sourcecode.c.objc; path = main.m; sourceTree = "<group>"; };
		825B10E21E449723001879B7 /* AppDelegate.h */ = {isa = PBXFileReference; lastKnownFileType = sourcecode.c.h; path = AppDelegate.h; sourceTree = "<group>"; };
		825B10E31E449723001879B7 /* AppDelegate.m */ = {isa = PBXFileReference; lastKnownFileType = sourcecode.c.objc; path = AppDelegate.m; sourceTree = "<group>"; };
		825B10E51E449723001879B7 /* ViewController.h */ = {isa = PBXFileReference; lastKnownFileType = sourcecode.c.h; path = ViewController.h; sourceTree = "<group>"; };
		825B10E61E449723001879B7 /* ViewController.m */ = {isa = PBXFileReference; lastKnownFileType = sourcecode.c.objc; path = ViewController.m; sourceTree = "<group>"; };
		825B10E91E449723001879B7 /* Base */ = {isa = PBXFileReference; lastKnownFileType = file.storyboard; name = Base; path = Base.lproj/Main.storyboard; sourceTree = "<group>"; };
		825B10EB1E449723001879B7 /* Assets.xcassets */ = {isa = PBXFileReference; lastKnownFileType = folder.assetcatalog; path = Assets.xcassets; sourceTree = "<group>"; };
		825B10EE1E449723001879B7 /* Base */ = {isa = PBXFileReference; lastKnownFileType = file.storyboard; name = Base; path = Base.lproj/LaunchScreen.storyboard; sourceTree = "<group>"; };
		825B10F01E449723001879B7 /* Info.plist */ = {isa = PBXFileReference; lastKnownFileType = text.plist.xml; path = Info.plist; sourceTree = "<group>"; };
		BAC7AF681B160ED6E4193DBC /* Pods-ContactsList.release.xcconfig */ = {isa = PBXFileReference; includeInIndex = 1; lastKnownFileType = text.xcconfig; name = "Pods-ContactsList.release.xcconfig"; path = "Pods/Target Support Files/Pods-ContactsList/Pods-ContactsList.release.xcconfig"; sourceTree = "<group>"; };
		F726B0E4331BA95AA44F2E38 /* Pods-ContactsList.debug.xcconfig */ = {isa = PBXFileReference; includeInIndex = 1; lastKnownFileType = text.xcconfig; name = "Pods-ContactsList.debug.xcconfig"; path = "Pods/Target Support Files/Pods-ContactsList/Pods-ContactsList.debug.xcconfig"; sourceTree = "<group>"; };
/* End PBXFileReference section */

/* Begin PBXFrameworksBuildPhase section */
		825B10D91E449723001879B7 /* Frameworks */ = {
			isa = PBXFrameworksBuildPhase;
			buildActionMask = 2147483647;
			files = (
				C827C10EE5828EC12F365748 /* libPods-ContactsList.a in Frameworks */,
			);
			runOnlyForDeploymentPostprocessing = 0;
		};
/* End PBXFrameworksBuildPhase section */

/* Begin PBXGroup section */
		4EF7F7E9184EE4CD9050DF88 /* Frameworks */ = {
			isa = PBXGroup;
			children = (
				24B234299A7772F44BA27D1C /* libPods-ContactsList.a */,
			);
			name = Frameworks;
			sourceTree = "<group>";
		};
		825B10D31E449723001879B7 = {
			isa = PBXGroup;
			children = (
				825B10DE1E449723001879B7 /* ContactsList */,
				825B10DD1E449723001879B7 /* Products */,
				FAE6BA2352ACA232F6F0950B /* Pods */,
				4EF7F7E9184EE4CD9050DF88 /* Frameworks */,
			);
			sourceTree = "<group>";
		};
		825B10DD1E449723001879B7 /* Products */ = {
			isa = PBXGroup;
			children = (
				825B10DC1E449723001879B7 /* ContactsList.app */,
			);
			name = Products;
			sourceTree = "<group>";
		};
		825B10DE1E449723001879B7 /* ContactsList */ = {
			isa = PBXGroup;
			children = (
				825B10E21E449723001879B7 /* AppDelegate.h */,
				825B10E31E449723001879B7 /* AppDelegate.m */,
				825B10E51E449723001879B7 /* ViewController.h */,
				825B10E61E449723001879B7 /* ViewController.m */,
				825B10E81E449723001879B7 /* Main.storyboard */,
				825B10EB1E449723001879B7 /* Assets.xcassets */,
				825B10ED1E449723001879B7 /* LaunchScreen.storyboard */,
				825B10F01E449723001879B7 /* Info.plist */,
				825B10DF1E449723001879B7 /* Supporting Files */,
			);
			name = ContactsList;
			path = CpntactsList;
			sourceTree = "<group>";
		};
		825B10DF1E449723001879B7 /* Supporting Files */ = {
			isa = PBXGroup;
			children = (
				825B10E01E449723001879B7 /* main.m */,
			);
			name = "Supporting Files";
			sourceTree = "<group>";
		};
		FAE6BA2352ACA232F6F0950B /* Pods */ = {
			isa = PBXGroup;
			children = (
				F726B0E4331BA95AA44F2E38 /* Pods-ContactsList.debug.xcconfig */,
				BAC7AF681B160ED6E4193DBC /* Pods-ContactsList.release.xcconfig */,
			);
			name = Pods;
			sourceTree = "<group>";
		};
/* End PBXGroup section */

/* Begin PBXNativeTarget section */
		825B10DB1E449723001879B7 /* ContactsList */ = {
			isa = PBXNativeTarget;
			buildConfigurationList = 825B10F31E449723001879B7 /* Build configuration list for PBXNativeTarget "ContactsList" */;
			buildPhases = (
				94675B87F2E119CF8315C4CF /* [CP] Check Pods Manifest.lock */,
				825B10D81E449723001879B7 /* Sources */,
				825B10D91E449723001879B7 /* Frameworks */,
				825B10DA1E449723001879B7 /* Resources */,
				F9625D3DF33933AABD167959 /* [CP] Embed Pods Frameworks */,
				0E106961FA6E2342B9305F14 /* [CP] Copy Pods Resources */,
			);
			buildRules = (
			);
			dependencies = (
			);
			name = ContactsList;
			productName = CpntactsList;
			productReference = 825B10DC1E449723001879B7 /* ContactsList.app */;
			productType = "com.apple.product-type.application";
		};
/* End PBXNativeTarget section */

/* Begin PBXProject section */
		825B10D41E449723001879B7 /* Project object */ = {
			isa = PBXProject;
			attributes = {
				LastUpgradeCheck = 0810;
				ORGANIZATIONNAME = Kilograpp;
				TargetAttributes = {
					825B10DB1E449723001879B7 = {
						CreatedOnToolsVersion = 8.1;
						ProvisioningStyle = Automatic;
					};
				};
			};
			buildConfigurationList = 825B10D71E449723001879B7 /* Build configuration list for PBXProject "ContactsList" */;
			compatibilityVersion = "Xcode 3.2";
			developmentRegion = English;
			hasScannedForEncodings = 0;
			knownRegions = (
				en,
				Base,
			);
			mainGroup = 825B10D31E449723001879B7;
			productRefGroup = 825B10DD1E449723001879B7 /* Products */;
			projectDirPath = "";
			projectRoot = "";
			targets = (
				825B10DB1E449723001879B7 /* ContactsList */,
			);
		};
/* End PBXProject section */

/* Begin PBXResourcesBuildPhase section */
		825B10DA1E449723001879B7 /* Resources */ = {
			isa = PBXResourcesBuildPhase;
			buildActionMask = 2147483647;
			files = (
				825B10EF1E449723001879B7 /* LaunchScreen.storyboard in Resources */,
				825B10EC1E449723001879B7 /* Assets.xcassets in Resources */,
				825B10EA1E449723001879B7 /* Main.storyboard in Resources */,
			);
			runOnlyForDeploymentPostprocessing = 0;
		};
/* End PBXResourcesBuildPhase section */

/* Begin PBXShellScriptBuildPhase section */
		0E106961FA6E2342B9305F14 /* [CP] Copy Pods Resources */ = {
			isa = PBXShellScriptBuildPhase;
			buildActionMask = 2147483647;
			files = (
			);
			inputPaths = (
			);
			name = "[CP] Copy Pods Resources";
			outputPaths = (
			);
			runOnlyForDeploymentPostprocessing = 0;
			shellPath = /bin/sh;
			shellScript = "\"${SRCROOT}/Pods/Target Support Files/Pods-ContactsList/Pods-ContactsList-resources.sh\"\n";
			showEnvVarsInLog = 0;
		};
		94675B87F2E119CF8315C4CF /* [CP] Check Pods Manifest.lock */ = {
			isa = PBXShellScriptBuildPhase;
			buildActionMask = 2147483647;
			files = (
			);
			inputPaths = (
			);
			name = "[CP] Check Pods Manifest.lock";
			outputPaths = (
			);
			runOnlyForDeploymentPostprocessing = 0;
			shellPath = /bin/sh;
			shellScript = "diff \"${PODS_ROOT}/../Podfile.lock\" \"${PODS_ROOT}/Manifest.lock\" > /dev/null\nif [ $? != 0 ] ; then\n    # print error to STDERR\n    echo \"error: The sandbox is not in sync with the Podfile.lock. Run 'pod install' or update your CocoaPods installation.\" >&2\n    exit 1\nfi\n";
			showEnvVarsInLog = 0;
		};
		F9625D3DF33933AABD167959 /* [CP] Embed Pods Frameworks */ = {
			isa = PBXShellScriptBuildPhase;
			buildActionMask = 2147483647;
			files = (
			);
			inputPaths = (
			);
			name = "[CP] Embed Pods Frameworks";
			outputPaths = (
			);
			runOnlyForDeploymentPostprocessing = 0;
			shellPath = /bin/sh;
			shellScript = "\"${SRCROOT}/Pods/Target Support Files/Pods-ContactsList/Pods-ContactsList-frameworks.sh\"\n";
			showEnvVarsInLog = 0;
		};
/* End PBXShellScriptBuildPhase section */

/* Begin PBXSourcesBuildPhase section */
		825B10D81E449723001879B7 /* Sources */ = {
			isa = PBXSourcesBuildPhase;
			buildActionMask = 2147483647;
			files = (
				825B10E71E449723001879B7 /* ViewController.m in Sources */,
				825B10E41E449723001879B7 /* AppDelegate.m in Sources */,
				825B10E11E449723001879B7 /* main.m in Sources */,
			);
			runOnlyForDeploymentPostprocessing = 0;
		};
/* End PBXSourcesBuildPhase section */

/* Begin PBXVariantGroup section */
		825B10E81E449723001879B7 /* Main.storyboard */ = {
			isa = PBXVariantGroup;
			children = (
				825B10E91E449723001879B7 /* Base */,
			);
			name = Main.storyboard;
			sourceTree = "<group>";
		};
		825B10ED1E449723001879B7 /* LaunchScreen.storyboard */ = {
			isa = PBXVariantGroup;
			children = (
				825B10EE1E449723001879B7 /* Base */,
			);
			name = LaunchScreen.storyboard;
			sourceTree = "<group>";
		};
/* End PBXVariantGroup section */

/* Begin XCBuildConfiguration section */
		825B10F11E449723001879B7 /* Debug */ = {
			isa = XCBuildConfiguration;
			buildSettings = {
				ALWAYS_SEARCH_USER_PATHS = NO;
				CLANG_ANALYZER_NONNULL = YES;
				CLANG_CXX_LANGUAGE_STANDARD = "gnu++0x";
				CLANG_CXX_LIBRARY = "libc++";
				CLANG_ENABLE_MODULES = YES;
				CLANG_ENABLE_OBJC_ARC = YES;
				CLANG_WARN_BOOL_CONVERSION = YES;
				CLANG_WARN_CONSTANT_CONVERSION = YES;
				CLANG_WARN_DIRECT_OBJC_ISA_USAGE = YES_ERROR;
				CLANG_WARN_DOCUMENTATION_COMMENTS = YES;
				CLANG_WARN_EMPTY_BODY = YES;
				CLANG_WARN_ENUM_CONVERSION = YES;
				CLANG_WARN_INFINITE_RECURSION = YES;
				CLANG_WARN_INT_CONVERSION = YES;
				CLANG_WARN_OBJC_ROOT_CLASS = YES_ERROR;
				CLANG_WARN_SUSPICIOUS_MOVES = YES;
				CLANG_WARN_UNREACHABLE_CODE = YES;
				CLANG_WARN__DUPLICATE_METHOD_MATCH = YES;
				"CODE_SIGN_IDENTITY[sdk=iphoneos*]" = "iPhone Developer";
				COPY_PHASE_STRIP = NO;
				DEBUG_INFORMATION_FORMAT = dwarf;
				ENABLE_STRICT_OBJC_MSGSEND = YES;
				ENABLE_TESTABILITY = YES;
				GCC_C_LANGUAGE_STANDARD = gnu99;
				GCC_DYNAMIC_NO_PIC = NO;
				GCC_NO_COMMON_BLOCKS = YES;
				GCC_OPTIMIZATION_LEVEL = 0;
				GCC_PREPROCESSOR_DEFINITIONS = (
					"DEBUG=1",
					"$(inherited)",
				);
				GCC_WARN_64_TO_32_BIT_CONVERSION = YES;
				GCC_WARN_ABOUT_RETURN_TYPE = YES_ERROR;
				GCC_WARN_UNDECLARED_SELECTOR = YES;
				GCC_WARN_UNINITIALIZED_AUTOS = YES_AGGRESSIVE;
				GCC_WARN_UNUSED_FUNCTION = YES;
				GCC_WARN_UNUSED_VARIABLE = YES;
				IPHONEOS_DEPLOYMENT_TARGET = 10.1;
				MTL_ENABLE_DEBUG_INFO = YES;
				ONLY_ACTIVE_ARCH = YES;
				SDKROOT = iphoneos;
			};
			name = Debug;
		};
		825B10F21E449723001879B7 /* Release */ = {
			isa = XCBuildConfiguration;
			buildSettings = {
				ALWAYS_SEARCH_USER_PATHS = NO;
				CLANG_ANALYZER_NONNULL = YES;
				CLANG_CXX_LANGUAGE_STANDARD = "gnu++0x";
				CLANG_CXX_LIBRARY = "libc++";
				CLANG_ENABLE_MODULES = YES;
				CLANG_ENABLE_OBJC_ARC = YES;
				CLANG_WARN_BOOL_CONVERSION = YES;
				CLANG_WARN_CONSTANT_CONVERSION = YES;
				CLANG_WARN_DIRECT_OBJC_ISA_USAGE = YES_ERROR;
				CLANG_WARN_DOCUMENTATION_COMMENTS = YES;
				CLANG_WARN_EMPTY_BODY = YES;
				CLANG_WARN_ENUM_CONVERSION = YES;
				CLANG_WARN_INFINITE_RECURSION = YES;
				CLANG_WARN_INT_CONVERSION = YES;
				CLANG_WARN_OBJC_ROOT_CLASS = YES_ERROR;
				CLANG_WARN_SUSPICIOUS_MOVES = YES;
				CLANG_WARN_UNREACHABLE_CODE = YES;
				CLANG_WARN__DUPLICATE_METHOD_MATCH = YES;
				"CODE_SIGN_IDENTITY[sdk=iphoneos*]" = "iPhone Developer";
				COPY_PHASE_STRIP = NO;
				DEBUG_INFORMATION_FORMAT = "dwarf-with-dsym";
				ENABLE_NS_ASSERTIONS = NO;
				ENABLE_STRICT_OBJC_MSGSEND = YES;
				GCC_C_LANGUAGE_STANDARD = gnu99;
				GCC_NO_COMMON_BLOCKS = YES;
				GCC_WARN_64_TO_32_BIT_CONVERSION = YES;
				GCC_WARN_ABOUT_RETURN_TYPE = YES_ERROR;
				GCC_WARN_UNDECLARED_SELECTOR = YES;
				GCC_WARN_UNINITIALIZED_AUTOS = YES_AGGRESSIVE;
				GCC_WARN_UNUSED_FUNCTION = YES;
				GCC_WARN_UNUSED_VARIABLE = YES;
				IPHONEOS_DEPLOYMENT_TARGET = 10.1;
				MTL_ENABLE_DEBUG_INFO = NO;
				SDKROOT = iphoneos;
				VALIDATE_PRODUCT = YES;
			};
			name = Release;
		};
		825B10F41E449723001879B7 /* Debug */ = {
			isa = XCBuildConfiguration;
			baseConfigurationReference = F726B0E4331BA95AA44F2E38 /* Pods-ContactsList.debug.xcconfig */;
			buildSettings = {
				ASSETCATALOG_COMPILER_APPICON_NAME = AppIcon;
				INFOPLIST_FILE = CpntactsList/Info.plist;
				LD_RUNPATH_SEARCH_PATHS = "$(inherited) @executable_path/Frameworks";
				PRODUCT_BUNDLE_IDENTIFIER = KG.ContactsList;
				PRODUCT_NAME = "$(TARGET_NAME)";
			};
			name = Debug;
		};
		825B10F51E449723001879B7 /* Release */ = {
			isa = XCBuildConfiguration;
			baseConfigurationReference = BAC7AF681B160ED6E4193DBC /* Pods-ContactsList.release.xcconfig */;
			buildSettings = {
				ASSETCATALOG_COMPILER_APPICON_NAME = AppIcon;
				INFOPLIST_FILE = CpntactsList/Info.plist;
				LD_RUNPATH_SEARCH_PATHS = "$(inherited) @executable_path/Frameworks";
				PRODUCT_BUNDLE_IDENTIFIER = KG.ContactsList;
				PRODUCT_NAME = "$(TARGET_NAME)";
			};
			name = Release;
		};
/* End XCBuildConfiguration section */

/* Begin XCConfigurationList section */
		825B10D71E449723001879B7 /* Build configuration list for PBXProject "ContactsList" */ = {
			isa = XCConfigurationList;
			buildConfigurations = (
				825B10F11E449723001879B7 /* Debug */,
				825B10F21E449723001879B7 /* Release */,
			);
			defaultConfigurationIsVisible = 0;
			defaultConfigurationName = Release;
		};
		825B10F31E449723001879B7 /* Build configuration list for PBXNativeTarget "ContactsList" */ = {
			isa = XCConfigurationList;
			buildConfigurations = (
				825B10F41E449723001879B7 /* Debug */,
				825B10F51E449723001879B7 /* Release */,
			);
			defaultConfigurationIsVisible = 0;
			defaultConfigurationName = Release;
		};
/* End XCConfigurationList section */
	};
	rootObject = 825B10D41E449723001879B7 /* Project object */;
}
